{
  "version": 4,
  "terraform_version": "1.3.0",
  "serial": 141,
  "lineage": "d70b839b-ea20-bac9-afc1-2abde3c78020",
  "outputs": {
    "public_ip_address": {
      "value": "20.169.135.4",
      "type": "string"
    },
    "resource_group_name": {
      "value": "rg-elegant-rooster",
      "type": "string"
    },
    "tls_private_key": {
      "value": "-----BEGIN RSA PRIVATE KEY-----\nMIIJKQIBAAKCAgEA1ZNHDeconLJEnva33vQf5w646IYQxav6uMjird8/8q3YNASf\nRonPLLwLItyF5sxb7CUq2T1H3PIElFn9s23Vq8w5WGxg4tvnJw3k6EYVYgEOKj0W\nKT1Iww71ANcPvfmJ7eKibrhSc8a4tND9OnvM9odJ6joEE2c4uKsRJ3aRdI8nD9/o\nGTTx0gL41Py7v5XPCUQmc+9c5ycYt0Ki/zB+K4Qa3LQDMwhdCoJUAvv1PgnqdcQX\ncthFyR4JaCnooQ1YFnbrebiA+gfD4PdAxkrywm3cePhkwYg6c8FrvjlXoPLKoBnF\nfpWiQvQIFdrg7EGcGT3DOKEBEE/PEmH7+caFcX4kNr486HKvyjtciuNJlOfacLWm\nB/HsAXdeEKbDfoDFC3O5aaV8xnel+AaATpV4bZRvrZGKM/tOnYC9LHYCQdCzvu8j\nob46aGXpt6kKI1wFsmuiO3e7CdO3fhkoeA7IRBLciI84nQ6G7Db4m0nBik60YW7l\n2ptnVlSG3huI5Cesc4wgaT6n1jSocrFp/AXd51QIzIhXMmB4DVWhYhm3pbZzB1Qi\nU06DmZX+Goo3E9IBP2H+WmU+r1QQ9lk85D+BHpnvYpEPKfgP1NdlZbeT00xNhMdw\n+ZVQpHDwTE6Lj1VIZ+xRA5v5SiE7ZrYmelJDvcIZQdnFaWSOGJ+dviGIwNECAwEA\nAQKCAgBnudiXev3xZG8JWT+hy6S23iKV446/wi/JkN7unO982EuZr+j/JCz3R/iM\nnNd3aSb3wHFYAnglaXEp767UdvKANnZfaHuBklVoVUooOOlnqKWNhA+AReBRw7Dg\nEJL3q/r+CsTiyyhYTFomjx19SuUXkksms7iJB+e3YHW7Wc1485GAFzmtDFaprYHW\nR0yT1pkvoeafBdBz/zv0vStWjuGoFsfJCrBHF7fAQ92zeVT5JW22dl8BCuKRs8HT\n0g7GMSnn9yeT/TS+ugi6+Lp/06SlIyAhrFma2KOy1mySfVz+sQwRx5JwURH2PHi0\nzJHSjGbYp3NpzGAs4OXrwqTTAUSLH0NuaM8k57qrWImCn04rSHQnDeLMj1jE9e1i\nePWE1hwvVaInsTSTOLI35BX2txk8Xkpm8fpIL883tJOJ6lbJ9rXrOzr+4/N3YiUN\nshlRZfdSDdb/KqyunSZhbl1RR5T7XlrrduWXrlABrdV4Aht7uQGX6nNVqfGfZn5T\nbR4fHJM49W445NSYtKV8NNczd6LxX1QLwqTvS0sCBGllua0VSMKL8y7ivrhEBfAE\nLGuT51sUin20XsrsEMg6pFWR5br0xMoqc8b/kXf96UkpLiGyOGzWUI8hTeaqZZAl\n1Aafbl29snNEwhdkKJ9kGe+y1pd5vFHED6Q0vfRZx4wmaa5HdQKCAQEA1naToVhJ\nZ0YUNSqY+dUKShWMzMX3sZmeUCDLgy+NEOLtlHapbD7jempiOkVAKPrHtMkic12Q\nUn15ZYD03o3lmHiP+z38O16fA2hDKJ5cZH1YhDh/RWzXKdQ0GzrwTqtLBJnb9K9C\n90gEeXYPeImi6xztVWvIQkuJyc3kU5FFMi63wPmQnlIOkJLZhHqJLegfc7jtk0kH\n1SW3N8RPmE/d4sPF2HxX3dOKsSq6NSDxGhU1yDK0tlz/d4QEOd+gt87QhvFNYD7E\n92pEemG2UBbjw1qii4J6bXOUxjxT3IYaloIyFwJf6KDYdgCGQmVFYS9LQqYnHQ+t\n2VB6uDvNdhIXbwKCAQEA/vCtkykeGb2rzMcFM1LaTRYi6PcDuid7zKYCtZDrrFeY\nz34Y70zscg/BFShVeZfdQus6hCAXRss9zB1N1NlWYF3ZX8zCtSX/HXH1Ib0rDS20\n5qP3XQHBTqX5BGmaqQknxlBM7QRO75q5VWRzWprHD3OTDG3afMLEuzEXGB6D0wpW\nLmy+wGoh34lapZOmz4L7tgbU+Gll8JaeaWAyJV8BiVpM1XUlUrpALfns53BDPJtw\ni9rjx2saN1p7ENhT2tqi8h0DngKMO4AxdDWzYheZbxL0A5Il94R1FDLJ/uwyiRYD\nIPWwwmzEQQrKPiyKzFZGwwPBHnZNdVbC5PI1FbCLvwKCAQEAiQjzhCD5pjetKduy\nK9Do5jWm5iGJB7503hZWc9iqdqPJ0xePYk884zee1ETznju/59CtZrHeShdKvoUL\n8jkQ/7/poEwXI4huaqrwXr/xoXRGXxYKnL3TLjMdqFicvGfPY308griKPZ+S3FmH\nwSmRJFIzhGV+bH3/6SbaQluMr2gSmgfdVIxyKgbrXi8+AEtV7Ye4pmf/zT5wN/4E\nLfq6eO9HN/Eb4+4LrPD0UoZeCKCM4QMlXXFG+4MrgB9YfppzvAXrvxfcm4sXfmt5\nJuu5VVZQjnws5kr4QULDAyHdU1aV0wX9apN8PMpQ/5PeJR8nI8svKu6d00INaDMu\nMceVmQKCAQA9WHjMAobltshSXEmaEgPJrNv1pwrUjo+xrPjV6+tp6yIwO62QV7hF\nshjKGIyI18w8QBIynO488McMCLkj0LCCO9MExGbN5DjBQxyzY6uqXic7oJTzYmq7\nnCCRuT+oETXq+IOqPPEpoteZ/rPrR3dC9pKZ2Q1MHCnuyV8/RIiADeqy/SPhdSh1\ne72+PgtTv7cGFBrHM8V94SB5RtaKO5RJEtuOOcQjZgHvjkY9YrwrJ1Qrsx5AbDtA\nupsGcKes8BNpoyWtrftEjhJYXlut7PPU0IC7Iz3Tk6IAnEATAY8fgZZ7JePExRts\nc0Y7M8iqZtBcONkNlXYKGDiJkubHM1ZNAoIBAQDLZ6T+EKDLsuWxBADY/P+B8mbF\ntVbNb20FgAtZeNjJiPA4Wte2LRn+wOlAy9g2FUQmFa2YKYbbV7mOh+76sJX0k7Fp\n0rtChYmU5A9Q/w9xuLEvp4j8B6N3W7fxTdVcIVrWUurh+1hC3oV+pYIbQtx7zVHn\nZ2JOefSoLrNYyf1EM625iva4GkN/OkhiqBrh8DtabwnX3qAiGkAPa1Sz5Yh8/1It\nyrv1VETAtnuLG4L7ZFNGufQxSXv41KgC4wTz12rmXVpTxOOL794Zrw2iTFW0/ZeL\nRuw6yXMVx8zxVqYdP0tn1fuNAj84AZvX9KYWjVxVHZ6aJ8a6HppRyEBHLNAH\n-----END RSA PRIVATE KEY-----\n",
      "type": "string",
      "sensitive": true
    }
  },
  "resources": [
    {
      "mode": "managed",
      "type": "azurerm_linux_virtual_machine",
      "name": "my_terraform_vm",
      "provider": "provider[\"registry.terraform.io/hashicorp/azurerm\"]",
      "instances": [
        {
          "schema_version": 0,
          "attributes": {
            "additional_capabilities": [],
            "admin_password": null,
            "admin_ssh_key": [
              {
                "public_key": "ssh-rsa AAAAB3NzaC1yc2EAAAADAQABAAACAQDVk0cN5yicskSe9rfe9B/nDrjohhDFq/q4yOKt3z/yrdg0BJ9Gic8svAsi3IXmzFvsJSrZPUfc8gSUWf2zbdWrzDlYbGDi2+cnDeToRhViAQ4qPRYpPUjDDvUA1w+9+Ynt4qJuuFJzxri00P06e8z2h0nqOgQTZzi4qxEndpF0jycP3+gZNPHSAvjU/Lu/lc8JRCZz71znJxi3QqL/MH4rhBrctAMzCF0KglQC+/U+Cep1xBdy2EXJHgloKeihDVgWdut5uID6B8Pg90DGSvLCbdx4+GTBiDpzwWu+OVeg8sqgGcV+laJC9AgV2uDsQZwZPcM4oQEQT88SYfv5xoVxfiQ2vjzocq/KO1yK40mU59pwtaYH8ewBd14QpsN+gMULc7lppXzGd6X4BoBOlXhtlG+tkYoz+06dgL0sdgJB0LO+7yOhvjpoZem3qQojXAWya6I7d7sJ07d+GSh4DshEEtyIjzidDobsNvibScGKTrRhbuXam2dWVIbeG4jkJ6xzjCBpPqfWNKhysWn8Bd3nVAjMiFcyYHgNVaFiGbeltnMHVCJTToOZlf4aijcT0gE/Yf5aZT6vVBD2WTzkP4Eeme9ikQ8p+A/U12Vlt5PTTE2Ex3D5lVCkcPBMTouPVUhn7FEDm/lKITtmtiZ6UkO9whlB2cVpZI4Yn52+IYjA0Q==\n",
                "username": "azureuser"
              }
            ],
            "admin_username": "azureuser",
            "allow_extension_operations": true,
            "availability_set_id": "",
            "boot_diagnostics": [
              {
                "storage_account_uri": "https://diagb0551b5c6f4bdcad.blob.core.windows.net/"
              }
            ],
            "computer_name": "myvm",
            "custom_data": null,
            "dedicated_host_group_id": "",
            "dedicated_host_id": "",
            "disable_password_authentication": true,
            "edge_zone": "",
            "encryption_at_host_enabled": false,
            "eviction_policy": "",
            "extensions_time_budget": "PT1H30M",
            "id": "/subscriptions/a32d611c-aa6c-43df-b977-e0e682533b6f/resourceGroups/rg-elegant-rooster/providers/Microsoft.Compute/virtualMachines/myVM",
            "identity": [],
            "license_type": "",
            "location": "eastus",
            "max_bid_price": -1,
            "name": "myVM",
            "network_interface_ids": [
              "/subscriptions/a32d611c-aa6c-43df-b977-e0e682533b6f/resourceGroups/rg-elegant-rooster/providers/Microsoft.Network/networkInterfaces/myNIC"
            ],
            "os_disk": [
              {
                "caching": "ReadWrite",
                "diff_disk_settings": [],
                "disk_encryption_set_id": "",
                "disk_size_gb": 30,
                "name": "myOsDisk",
                "storage_account_type": "Premium_LRS",
                "write_accelerator_enabled": false
              }
            ],
            "patch_mode": "ImageDefault",
            "plan": [],
            "platform_fault_domain": -1,
            "priority": "Regular",
            "private_ip_address": "10.0.1.4",
            "private_ip_addresses": [
              "10.0.1.4"
            ],
            "provision_vm_agent": true,
            "proximity_placement_group_id": "",
            "public_ip_address": "20.169.135.4",
            "public_ip_addresses": [
              "20.169.135.4"
            ],
            "resource_group_name": "rg-elegant-rooster",
            "secret": [],
            "secure_boot_enabled": false,
            "size": "Standard_DS1_v2",
            "source_image_id": "",
            "source_image_reference": [
              {
                "offer": "UbuntuServer",
                "publisher": "Canonical",
                "sku": "18.04-LTS",
                "version": "latest"
              }
            ],
            "tags": null,
            "termination_notification": null,
            "timeouts": null,
            "user_data": "",
            "virtual_machine_id": "86196a23-80c3-4cb1-91bd-396616f13c2e",
            "virtual_machine_scale_set_id": "",
            "vtpm_enabled": false,
            "zone": ""
          },
          "sensitive_attributes": [],
          "private": "eyJlMmJmYjczMC1lY2FhLTExZTYtOGY4OC0zNDM2M2JjN2M0YzAiOnsiY3JlYXRlIjoyNzAwMDAwMDAwMDAwLCJkZWxldGUiOjI3MDAwMDAwMDAwMDAsInJlYWQiOjMwMDAwMDAwMDAwMCwidXBkYXRlIjoyNzAwMDAwMDAwMDAwfX0=",
          "dependencies": [
            "azurerm_network_interface.my_terraform_nic",
            "azurerm_public_ip.my_terraform_public_ip",
            "azurerm_resource_group.rg",
            "azurerm_storage_account.my_storage_account",
            "azurerm_subnet.my_terraform_subnet",
            "azurerm_virtual_network.my_terraform_network",
            "random_id.random_id",
            "random_pet.rg_name",
            "tls_private_key.example_ssh"
          ]
        }
      ]
    },
    {
      "mode": "managed",
      "type": "azurerm_network_interface",
      "name": "my_terraform_nic",
      "provider": "provider[\"registry.terraform.io/hashicorp/azurerm\"]",
      "instances": [
        {
          "schema_version": 0,
          "attributes": {
            "applied_dns_servers": [],
            "dns_servers": [],
            "edge_zone": "",
            "enable_accelerated_networking": false,
            "enable_ip_forwarding": false,
            "id": "/subscriptions/a32d611c-aa6c-43df-b977-e0e682533b6f/resourceGroups/rg-elegant-rooster/providers/Microsoft.Network/networkInterfaces/myNIC",
            "internal_dns_name_label": "",
            "internal_domain_name_suffix": "jxcom2i11o3unpfmu4ffcg2sug.bx.internal.cloudapp.net",
            "ip_configuration": [
              {
                "gateway_load_balancer_frontend_ip_configuration_id": "",
                "name": "my_nic_configuration",
                "primary": true,
                "private_ip_address": "10.0.1.4",
                "private_ip_address_allocation": "Dynamic",
                "private_ip_address_version": "IPv4",
                "public_ip_address_id": "/subscriptions/a32d611c-aa6c-43df-b977-e0e682533b6f/resourceGroups/rg-elegant-rooster/providers/Microsoft.Network/publicIPAddresses/myPublicIP",
                "subnet_id": "/subscriptions/a32d611c-aa6c-43df-b977-e0e682533b6f/resourceGroups/rg-elegant-rooster/providers/Microsoft.Network/virtualNetworks/myVnet/subnets/mySubnet"
              }
            ],
            "location": "eastus",
            "mac_address": "",
            "name": "myNIC",
            "private_ip_address": "10.0.1.4",
            "private_ip_addresses": [
              "10.0.1.4"
            ],
            "resource_group_name": "rg-elegant-rooster",
            "tags": null,
            "timeouts": null,
            "virtual_machine_id": ""
          },
          "sensitive_attributes": [],
          "private": "eyJlMmJmYjczMC1lY2FhLTExZTYtOGY4OC0zNDM2M2JjN2M0YzAiOnsiY3JlYXRlIjoxODAwMDAwMDAwMDAwLCJkZWxldGUiOjE4MDAwMDAwMDAwMDAsInJlYWQiOjMwMDAwMDAwMDAwMCwidXBkYXRlIjoxODAwMDAwMDAwMDAwfX0=",
          "dependencies": [
            "azurerm_public_ip.my_terraform_public_ip",
            "azurerm_resource_group.rg",
            "azurerm_subnet.my_terraform_subnet",
            "azurerm_virtual_network.my_terraform_network",
            "random_pet.rg_name"
          ]
        }
      ]
    },
    {
      "mode": "managed",
      "type": "azurerm_network_interface_security_group_association",
      "name": "example",
      "provider": "provider[\"registry.terraform.io/hashicorp/azurerm\"]",
      "instances": [
        {
          "schema_version": 0,
          "attributes": {
            "id": "/subscriptions/a32d611c-aa6c-43df-b977-e0e682533b6f/resourceGroups/rg-elegant-rooster/providers/Microsoft.Network/networkInterfaces/myNIC|/subscriptions/a32d611c-aa6c-43df-b977-e0e682533b6f/resourceGroups/rg-elegant-rooster/providers/Microsoft.Network/networkSecurityGroups/myNetworkSecurityGroup",
            "network_interface_id": "/subscriptions/a32d611c-aa6c-43df-b977-e0e682533b6f/resourceGroups/rg-elegant-rooster/providers/Microsoft.Network/networkInterfaces/myNIC",
            "network_security_group_id": "/subscriptions/a32d611c-aa6c-43df-b977-e0e682533b6f/resourceGroups/rg-elegant-rooster/providers/Microsoft.Network/networkSecurityGroups/myNetworkSecurityGroup",
            "timeouts": null
          },
          "sensitive_attributes": [],
          "private": "eyJlMmJmYjczMC1lY2FhLTExZTYtOGY4OC0zNDM2M2JjN2M0YzAiOnsiY3JlYXRlIjoxODAwMDAwMDAwMDAwLCJkZWxldGUiOjE4MDAwMDAwMDAwMDAsInJlYWQiOjMwMDAwMDAwMDAwMCwidXBkYXRlIjoxODAwMDAwMDAwMDAwfX0=",
          "dependencies": [
            "azurerm_network_interface.my_terraform_nic",
            "azurerm_network_security_group.my_terraform_nsg",
            "azurerm_public_ip.my_terraform_public_ip",
            "azurerm_resource_group.rg",
            "azurerm_subnet.my_terraform_subnet",
            "azurerm_virtual_network.my_terraform_network",
            "random_pet.rg_name"
          ]
        }
      ]
    },
    {
      "mode": "managed",
      "type": "azurerm_network_security_group",
      "name": "my_terraform_nsg",
      "provider": "provider[\"registry.terraform.io/hashicorp/azurerm\"]",
      "instances": [
        {
          "schema_version": 0,
          "attributes": {
            "id": "/subscriptions/a32d611c-aa6c-43df-b977-e0e682533b6f/resourceGroups/rg-elegant-rooster/providers/Microsoft.Network/networkSecurityGroups/myNetworkSecurityGroup",
            "location": "eastus",
            "name": "myNetworkSecurityGroup",
            "resource_group_name": "rg-elegant-rooster",
            "security_rule": [
              {
                "access": "Allow",
                "description": "",
                "destination_address_prefix": "*",
                "destination_address_prefixes": [],
                "destination_application_security_group_ids": [],
                "destination_port_range": "22",
                "destination_port_ranges": [],
                "direction": "Inbound",
                "name": "SSH",
                "priority": 1001,
                "protocol": "Tcp",
                "source_address_prefix": "*",
                "source_address_prefixes": [],
                "source_application_security_group_ids": [],
                "source_port_range": "*",
                "source_port_ranges": []
              }
            ],
            "tags": null,
            "timeouts": null
          },
          "sensitive_attributes": [],
          "private": "eyJlMmJmYjczMC1lY2FhLTExZTYtOGY4OC0zNDM2M2JjN2M0YzAiOnsiY3JlYXRlIjoxODAwMDAwMDAwMDAwLCJkZWxldGUiOjE4MDAwMDAwMDAwMDAsInJlYWQiOjMwMDAwMDAwMDAwMCwidXBkYXRlIjoxODAwMDAwMDAwMDAwfX0=",
          "dependencies": [
            "azurerm_resource_group.rg",
            "random_pet.rg_name"
          ]
        }
      ]
    },
    {
      "mode": "managed",
      "type": "azurerm_public_ip",
      "name": "my_terraform_public_ip",
      "provider": "provider[\"registry.terraform.io/hashicorp/azurerm\"]",
      "instances": [
        {
          "schema_version": 0,
          "attributes": {
            "allocation_method": "Dynamic",
            "domain_name_label": null,
            "edge_zone": "",
            "fqdn": null,
            "id": "/subscriptions/a32d611c-aa6c-43df-b977-e0e682533b6f/resourceGroups/rg-elegant-rooster/providers/Microsoft.Network/publicIPAddresses/myPublicIP",
            "idle_timeout_in_minutes": 4,
            "ip_address": "",
            "ip_tags": null,
            "ip_version": "IPv4",
            "location": "eastus",
            "name": "myPublicIP",
            "public_ip_prefix_id": null,
            "resource_group_name": "rg-elegant-rooster",
            "reverse_fqdn": null,
            "sku": "Basic",
            "sku_tier": "Regional",
            "tags": null,
            "timeouts": null,
            "zones": null
          },
          "sensitive_attributes": [],
          "private": "eyJlMmJmYjczMC1lY2FhLTExZTYtOGY4OC0zNDM2M2JjN2M0YzAiOnsiY3JlYXRlIjoxODAwMDAwMDAwMDAwLCJkZWxldGUiOjE4MDAwMDAwMDAwMDAsInJlYWQiOjMwMDAwMDAwMDAwMCwidXBkYXRlIjoxODAwMDAwMDAwMDAwfX0=",
          "dependencies": [
            "azurerm_resource_group.rg",
            "random_pet.rg_name"
          ]
        }
      ]
    },
    {
      "mode": "managed",
      "type": "azurerm_resource_group",
      "name": "rg",
      "provider": "provider[\"registry.terraform.io/hashicorp/azurerm\"]",
      "instances": [
        {
          "schema_version": 0,
          "attributes": {
            "id": "/subscriptions/a32d611c-aa6c-43df-b977-e0e682533b6f/resourceGroups/rg-elegant-rooster",
            "location": "eastus",
            "name": "rg-elegant-rooster",
            "tags": null,
            "timeouts": null
          },
          "sensitive_attributes": [],
          "private": "eyJlMmJmYjczMC1lY2FhLTExZTYtOGY4OC0zNDM2M2JjN2M0YzAiOnsiY3JlYXRlIjo1NDAwMDAwMDAwMDAwLCJkZWxldGUiOjU0MDAwMDAwMDAwMDAsInJlYWQiOjMwMDAwMDAwMDAwMCwidXBkYXRlIjo1NDAwMDAwMDAwMDAwfX0=",
          "dependencies": [
            "random_pet.rg_name"
          ]
        }
      ]
    },
    {
      "mode": "managed",
      "type": "azurerm_storage_account",
      "name": "my_storage_account",
      "provider": "provider[\"registry.terraform.io/hashicorp/azurerm\"]",
      "instances": [
        {
          "schema_version": 3,
          "attributes": {
            "access_tier": "Hot",
            "account_kind": "StorageV2",
            "account_replication_type": "LRS",
            "account_tier": "Standard",
            "allow_nested_items_to_be_public": true,
            "azure_files_authentication": [],
            "blob_properties": [
              {
                "change_feed_enabled": false,
                "container_delete_retention_policy": [],
                "cors_rule": [],
                "default_service_version": "",
                "delete_retention_policy": [],
                "last_access_time_enabled": false,
                "versioning_enabled": false
              }
            ],
            "custom_domain": [],
            "customer_managed_key": [],
            "edge_zone": "",
            "enable_https_traffic_only": true,
            "id": "/subscriptions/a32d611c-aa6c-43df-b977-e0e682533b6f/resourceGroups/rg-elegant-rooster/providers/Microsoft.Storage/storageAccounts/diagb0551b5c6f4bdcad",
            "identity": [],
            "infrastructure_encryption_enabled": false,
            "is_hns_enabled": false,
            "large_file_share_enabled": null,
            "location": "eastus",
            "min_tls_version": "TLS1_2",
            "name": "diagb0551b5c6f4bdcad",
            "network_rules": [
              {
                "bypass": [
                  "AzureServices"
                ],
                "default_action": "Allow",
                "ip_rules": [],
                "private_link_access": [],
                "virtual_network_subnet_ids": []
              }
            ],
            "nfsv3_enabled": false,
            "primary_access_key": "zL3q8Lfktt2cVOqbi8iHxaTkWxTYBm2h63mJgr+z5GmJ4FDU36p6wHwzuZJePah1e3uAqburt8rw+ASt0wjTjg==",
            "primary_blob_connection_string": "DefaultEndpointsProtocol=https;BlobEndpoint=https://diagb0551b5c6f4bdcad.blob.core.windows.net/;AccountName=diagb0551b5c6f4bdcad;AccountKey=zL3q8Lfktt2cVOqbi8iHxaTkWxTYBm2h63mJgr+z5GmJ4FDU36p6wHwzuZJePah1e3uAqburt8rw+ASt0wjTjg==",
            "primary_blob_endpoint": "https://diagb0551b5c6f4bdcad.blob.core.windows.net/",
            "primary_blob_host": "diagb0551b5c6f4bdcad.blob.core.windows.net",
            "primary_connection_string": "DefaultEndpointsProtocol=https;AccountName=diagb0551b5c6f4bdcad;AccountKey=zL3q8Lfktt2cVOqbi8iHxaTkWxTYBm2h63mJgr+z5GmJ4FDU36p6wHwzuZJePah1e3uAqburt8rw+ASt0wjTjg==;EndpointSuffix=core.windows.net",
            "primary_dfs_endpoint": "https://diagb0551b5c6f4bdcad.dfs.core.windows.net/",
            "primary_dfs_host": "diagb0551b5c6f4bdcad.dfs.core.windows.net",
            "primary_file_endpoint": "https://diagb0551b5c6f4bdcad.file.core.windows.net/",
            "primary_file_host": "diagb0551b5c6f4bdcad.file.core.windows.net",
            "primary_location": "eastus",
            "primary_queue_endpoint": "https://diagb0551b5c6f4bdcad.queue.core.windows.net/",
            "primary_queue_host": "diagb0551b5c6f4bdcad.queue.core.windows.net",
            "primary_table_endpoint": "https://diagb0551b5c6f4bdcad.table.core.windows.net/",
            "primary_table_host": "diagb0551b5c6f4bdcad.table.core.windows.net",
            "primary_web_endpoint": "https://diagb0551b5c6f4bdcad.z13.web.core.windows.net/",
            "primary_web_host": "diagb0551b5c6f4bdcad.z13.web.core.windows.net",
            "queue_encryption_key_type": "Service",
            "queue_properties": [
              {
                "cors_rule": [],
                "hour_metrics": [
                  {
                    "enabled": true,
                    "include_apis": true,
                    "retention_policy_days": 7,
                    "version": "1.0"
                  }
                ],
                "logging": [
                  {
                    "delete": false,
                    "read": false,
                    "retention_policy_days": 0,
                    "version": "1.0",
                    "write": false
                  }
                ],
                "minute_metrics": [
                  {
                    "enabled": false,
                    "include_apis": false,
                    "retention_policy_days": 0,
                    "version": "1.0"
                  }
                ]
              }
            ],
            "resource_group_name": "rg-elegant-rooster",
            "routing": [],
            "secondary_access_key": "Bo6XC+ZBXXp2DkBYQdq9qjnRwZXKH/5RlnEV4VfYZF2jK0MOLg0/7RJTtv85Y+2u0eDdGUN3hFhb+AStDtC/wA==",
            "secondary_blob_connection_string": "",
            "secondary_blob_endpoint": null,
            "secondary_blob_host": null,
            "secondary_connection_string": "DefaultEndpointsProtocol=https;AccountName=diagb0551b5c6f4bdcad;AccountKey=Bo6XC+ZBXXp2DkBYQdq9qjnRwZXKH/5RlnEV4VfYZF2jK0MOLg0/7RJTtv85Y+2u0eDdGUN3hFhb+AStDtC/wA==;EndpointSuffix=core.windows.net",
            "secondary_dfs_endpoint": null,
            "secondary_dfs_host": null,
            "secondary_file_endpoint": null,
            "secondary_file_host": null,
            "secondary_location": "",
            "secondary_queue_endpoint": null,
            "secondary_queue_host": null,
            "secondary_table_endpoint": null,
            "secondary_table_host": null,
            "secondary_web_endpoint": null,
            "secondary_web_host": null,
            "share_properties": [
              {
                "cors_rule": [],
                "retention_policy": [
                  {
                    "days": 7
                  }
                ],
                "smb": []
              }
            ],
            "shared_access_key_enabled": true,
            "static_website": [],
            "table_encryption_key_type": "Service",
            "tags": null,
            "timeouts": null
          },
          "sensitive_attributes": [],
          "private": "eyJlMmJmYjczMC1lY2FhLTExZTYtOGY4OC0zNDM2M2JjN2M0YzAiOnsiY3JlYXRlIjozNjAwMDAwMDAwMDAwLCJkZWxldGUiOjM2MDAwMDAwMDAwMDAsInJlYWQiOjMwMDAwMDAwMDAwMCwidXBkYXRlIjozNjAwMDAwMDAwMDAwfSwic2NoZW1hX3ZlcnNpb24iOiIzIn0=",
          "dependencies": [
            "azurerm_resource_group.rg",
            "random_id.random_id",
            "random_pet.rg_name"
          ]
        }
      ]
    },
    {
      "mode": "managed",
      "type": "azurerm_subnet",
      "name": "my_terraform_subnet",
      "provider": "provider[\"registry.terraform.io/hashicorp/azurerm\"]",
      "instances": [
        {
          "schema_version": 0,
          "attributes": {
            "address_prefixes": [
              "10.0.1.0/24"
            ],
            "delegation": [],
            "enforce_private_link_endpoint_network_policies": false,
            "enforce_private_link_service_network_policies": false,
            "id": "/subscriptions/a32d611c-aa6c-43df-b977-e0e682533b6f/resourceGroups/rg-elegant-rooster/providers/Microsoft.Network/virtualNetworks/myVnet/subnets/mySubnet",
            "name": "mySubnet",
            "resource_group_name": "rg-elegant-rooster",
            "service_endpoint_policy_ids": null,
            "service_endpoints": null,
            "timeouts": null,
            "virtual_network_name": "myVnet"
          },
          "sensitive_attributes": [],
          "private": "eyJlMmJmYjczMC1lY2FhLTExZTYtOGY4OC0zNDM2M2JjN2M0YzAiOnsiY3JlYXRlIjoxODAwMDAwMDAwMDAwLCJkZWxldGUiOjE4MDAwMDAwMDAwMDAsInJlYWQiOjMwMDAwMDAwMDAwMCwidXBkYXRlIjoxODAwMDAwMDAwMDAwfX0=",
          "dependencies": [
            "azurerm_resource_group.rg",
            "azurerm_virtual_network.my_terraform_network",
            "random_pet.rg_name"
          ]
        }
      ]
    },
    {
      "mode": "managed",
      "type": "azurerm_virtual_network",
      "name": "my_terraform_network",
      "provider": "provider[\"registry.terraform.io/hashicorp/azurerm\"]",
      "instances": [
        {
          "schema_version": 0,
          "attributes": {
            "address_space": [
              "10.0.0.0/16"
            ],
            "bgp_community": "",
            "ddos_protection_plan": [],
            "dns_servers": [],
            "edge_zone": "",
            "flow_timeout_in_minutes": 0,
            "guid": "71e6c44d-db1b-46bb-bcac-a78a511b92a6",
            "id": "/subscriptions/a32d611c-aa6c-43df-b977-e0e682533b6f/resourceGroups/rg-elegant-rooster/providers/Microsoft.Network/virtualNetworks/myVnet",
            "location": "eastus",
            "name": "myVnet",
            "resource_group_name": "rg-elegant-rooster",
            "subnet": [],
            "tags": null,
            "timeouts": null
          },
          "sensitive_attributes": [],
          "private": "eyJlMmJmYjczMC1lY2FhLTExZTYtOGY4OC0zNDM2M2JjN2M0YzAiOnsiY3JlYXRlIjoxODAwMDAwMDAwMDAwLCJkZWxldGUiOjE4MDAwMDAwMDAwMDAsInJlYWQiOjMwMDAwMDAwMDAwMCwidXBkYXRlIjoxODAwMDAwMDAwMDAwfX0=",
          "dependencies": [
            "azurerm_resource_group.rg",
            "random_pet.rg_name"
          ]
        }
      ]
    },
    {
      "mode": "managed",
      "type": "random_id",
      "name": "random_id",
      "provider": "provider[\"registry.terraform.io/hashicorp/random\"]",
      "instances": [
        {
          "schema_version": 0,
          "attributes": {
            "b64_std": "sFUbXG9L3K0=",
            "b64_url": "sFUbXG9L3K0",
            "byte_length": 8,
            "dec": "12706092007513906349",
            "hex": "b0551b5c6f4bdcad",
            "id": "sFUbXG9L3K0",
            "keepers": {
              "resource_group": "rg-elegant-rooster"
            },
            "prefix": null
          },
          "sensitive_attributes": [],
          "private": "bnVsbA==",
          "dependencies": [
            "azurerm_resource_group.rg",
            "random_pet.rg_name"
          ]
        }
      ]
    },
    {
      "mode": "managed",
      "type": "random_pet",
      "name": "rg_name",
      "provider": "provider[\"registry.terraform.io/hashicorp/random\"]",
      "instances": [
        {
          "schema_version": 0,
          "attributes": {
            "id": "rg-elegant-rooster",
            "keepers": null,
            "length": 2,
            "prefix": "rg",
            "separator": "-"
          },
          "sensitive_attributes": [],
          "private": "bnVsbA=="
        }
      ]
    },
    {
      "mode": "managed",
      "type": "tls_private_key",
      "name": "example_ssh",
      "provider": "provider[\"registry.terraform.io/hashicorp/tls\"]",
      "instances": [
        {
          "schema_version": 1,
          "attributes": {
            "algorithm": "RSA",
            "ecdsa_curve": "P224",
            "id": "d00589a26b82e3983577345edaa817650ee1315f",
            "private_key_openssh": "-----BEGIN OPENSSH PRIVATE KEY-----\nb3BlbnNzaC1rZXktdjEAAAAABG5vbmUAAAAEbm9uZQAAAAAAAAABAAACFwAAAAdz\nc2gtcnNhAAAAAwEAAQAAAgEA1ZNHDeconLJEnva33vQf5w646IYQxav6uMjird8/\n8q3YNASfRonPLLwLItyF5sxb7CUq2T1H3PIElFn9s23Vq8w5WGxg4tvnJw3k6EYV\nYgEOKj0WKT1Iww71ANcPvfmJ7eKibrhSc8a4tND9OnvM9odJ6joEE2c4uKsRJ3aR\ndI8nD9/oGTTx0gL41Py7v5XPCUQmc+9c5ycYt0Ki/zB+K4Qa3LQDMwhdCoJUAvv1\nPgnqdcQXcthFyR4JaCnooQ1YFnbrebiA+gfD4PdAxkrywm3cePhkwYg6c8FrvjlX\noPLKoBnFfpWiQvQIFdrg7EGcGT3DOKEBEE/PEmH7+caFcX4kNr486HKvyjtciuNJ\nlOfacLWmB/HsAXdeEKbDfoDFC3O5aaV8xnel+AaATpV4bZRvrZGKM/tOnYC9LHYC\nQdCzvu8job46aGXpt6kKI1wFsmuiO3e7CdO3fhkoeA7IRBLciI84nQ6G7Db4m0nB\nik60YW7l2ptnVlSG3huI5Cesc4wgaT6n1jSocrFp/AXd51QIzIhXMmB4DVWhYhm3\npbZzB1QiU06DmZX+Goo3E9IBP2H+WmU+r1QQ9lk85D+BHpnvYpEPKfgP1NdlZbeT\n00xNhMdw+ZVQpHDwTE6Lj1VIZ+xRA5v5SiE7ZrYmelJDvcIZQdnFaWSOGJ+dviGI\nwNEAAAc4+XS2v/l0tr8AAAAHc3NoLXJzYQAAAgEA1ZNHDeconLJEnva33vQf5w64\n6IYQxav6uMjird8/8q3YNASfRonPLLwLItyF5sxb7CUq2T1H3PIElFn9s23Vq8w5\nWGxg4tvnJw3k6EYVYgEOKj0WKT1Iww71ANcPvfmJ7eKibrhSc8a4tND9OnvM9odJ\n6joEE2c4uKsRJ3aRdI8nD9/oGTTx0gL41Py7v5XPCUQmc+9c5ycYt0Ki/zB+K4Qa\n3LQDMwhdCoJUAvv1PgnqdcQXcthFyR4JaCnooQ1YFnbrebiA+gfD4PdAxkrywm3c\nePhkwYg6c8FrvjlXoPLKoBnFfpWiQvQIFdrg7EGcGT3DOKEBEE/PEmH7+caFcX4k\nNr486HKvyjtciuNJlOfacLWmB/HsAXdeEKbDfoDFC3O5aaV8xnel+AaATpV4bZRv\nrZGKM/tOnYC9LHYCQdCzvu8job46aGXpt6kKI1wFsmuiO3e7CdO3fhkoeA7IRBLc\niI84nQ6G7Db4m0nBik60YW7l2ptnVlSG3huI5Cesc4wgaT6n1jSocrFp/AXd51QI\nzIhXMmB4DVWhYhm3pbZzB1QiU06DmZX+Goo3E9IBP2H+WmU+r1QQ9lk85D+BHpnv\nYpEPKfgP1NdlZbeT00xNhMdw+ZVQpHDwTE6Lj1VIZ+xRA5v5SiE7ZrYmelJDvcIZ\nQdnFaWSOGJ+dviGIwNEAAAADAQABAAACAGe52Jd6/fFkbwlZP6HLpLbeIpXjjr/C\nL8mQ3u6c73zYS5mv6P8kLPdH+Iyc13dpJvfAcVgCeCVpcSnvrtR28oA2dl9oe4GS\nVWhVSig46WeopY2ED4BF4FHDsOAQkver+v4KxOLLKFhMWiaPHX1K5ReSSyazuIkH\n57dgdbtZzXjzkYAXOa0MVqmtgdZHTJPWmS+h5p8F0HP/O/S9K1aO4agWx8kKsEcX\nt8BD3bN5VPklbbZ2XwEK4pGzwdPSDsYxKef3J5P9NL66CLr4un/TpKUjICGsWZrY\no7LWbJJ9XP6xDBHHknBREfY8eLTMkdKMZtinc2nMYCzg5evCpNMBRIsfQ25ozyTn\nuqtYiYKfTitIdCcN4syPWMT17WJ49YTWHC9VoiexNJM4sjfkFfa3GTxeSmbx+kgv\nzze0k4nqVsn2tes7Ov7j83diJQ2yGVFl91IN1v8qrK6dJmFuXVFHlPteWut25Zeu\nUAGt1XgCG3u5AZfqc1Wp8Z9mflNtHh8ckzj1bjjk1Ji0pXw01zN3ovFfVAvCpO9L\nSwIEaWW5rRVIwovzLuK+uEQF8AQsa5PnWxSKfbReyuwQyDqkVZHluvTEyipzxv+R\nd/3pSSkuIbI4bNZQjyFN5qplkCXUBp9uXb2yc0TCF2Qon2QZ77LWl3m8UcQPpDS9\n9FnHjCZprkd1AAABAQDLZ6T+EKDLsuWxBADY/P+B8mbFtVbNb20FgAtZeNjJiPA4\nWte2LRn+wOlAy9g2FUQmFa2YKYbbV7mOh+76sJX0k7Fp0rtChYmU5A9Q/w9xuLEv\np4j8B6N3W7fxTdVcIVrWUurh+1hC3oV+pYIbQtx7zVHnZ2JOefSoLrNYyf1EM625\niva4GkN/OkhiqBrh8DtabwnX3qAiGkAPa1Sz5Yh8/1Ityrv1VETAtnuLG4L7ZFNG\nufQxSXv41KgC4wTz12rmXVpTxOOL794Zrw2iTFW0/ZeLRuw6yXMVx8zxVqYdP0tn\n1fuNAj84AZvX9KYWjVxVHZ6aJ8a6HppRyEBHLNAHAAABAQDWdpOhWElnRhQ1Kpj5\n1QpKFYzMxfexmZ5QIMuDL40Q4u2UdqlsPuN6amI6RUAo+se0ySJzXZBSfXllgPTe\njeWYeI/7Pfw7Xp8DaEMonlxkfViEOH9FbNcp1DQbOvBOq0sEmdv0r0L3SAR5dg94\niaLrHO1Va8hCS4nJzeRTkUUyLrfA+ZCeUg6QktmEeokt6B9zuO2TSQfVJbc3xE+Y\nT93iw8XYfFfd04qxKro1IPEaFTXIMrS2XP93hAQ536C3ztCG8U1gPsT3akR6YbZQ\nFuPDWqKLgnptc5TGPFPchhqWgjIXAl/ooNh2AIZCZUVhL0tCpicdD63ZUHq4O812\nEhdvAAABAQD+8K2TKR4ZvavMxwUzUtpNFiLo9wO6J3vMpgK1kOusV5jPfhjvTOxy\nD8EVKFV5l91C6zqEIBdGyz3MHU3U2VZgXdlfzMK1Jf8dcfUhvSsNLbTmo/ddAcFO\npfkEaZqpCSfGUEztBE7vmrlVZHNamscPc5MMbdp8wsS7MRcYHoPTClYubL7AaiHf\niVqlk6bPgvu2BtT4aWXwlp5pYDIlXwGJWkzVdSVSukAt+ezncEM8m3CL2uPHaxo3\nWnsQ2FPa2qLyHQOeAow7gDF0NbNiF5lvEvQDkiX3hHUUMsn+7DKJFgMg9bDCbMRB\nCso+LIrMVkbDA8Eedk11VsLk8jUVsIu/AAAAAAEC\n-----END OPENSSH PRIVATE KEY-----\n",
            "private_key_pem": "-----BEGIN RSA PRIVATE KEY-----\nMIIJKQIBAAKCAgEA1ZNHDeconLJEnva33vQf5w646IYQxav6uMjird8/8q3YNASf\nRonPLLwLItyF5sxb7CUq2T1H3PIElFn9s23Vq8w5WGxg4tvnJw3k6EYVYgEOKj0W\nKT1Iww71ANcPvfmJ7eKibrhSc8a4tND9OnvM9odJ6joEE2c4uKsRJ3aRdI8nD9/o\nGTTx0gL41Py7v5XPCUQmc+9c5ycYt0Ki/zB+K4Qa3LQDMwhdCoJUAvv1PgnqdcQX\ncthFyR4JaCnooQ1YFnbrebiA+gfD4PdAxkrywm3cePhkwYg6c8FrvjlXoPLKoBnF\nfpWiQvQIFdrg7EGcGT3DOKEBEE/PEmH7+caFcX4kNr486HKvyjtciuNJlOfacLWm\nB/HsAXdeEKbDfoDFC3O5aaV8xnel+AaATpV4bZRvrZGKM/tOnYC9LHYCQdCzvu8j\nob46aGXpt6kKI1wFsmuiO3e7CdO3fhkoeA7IRBLciI84nQ6G7Db4m0nBik60YW7l\n2ptnVlSG3huI5Cesc4wgaT6n1jSocrFp/AXd51QIzIhXMmB4DVWhYhm3pbZzB1Qi\nU06DmZX+Goo3E9IBP2H+WmU+r1QQ9lk85D+BHpnvYpEPKfgP1NdlZbeT00xNhMdw\n+ZVQpHDwTE6Lj1VIZ+xRA5v5SiE7ZrYmelJDvcIZQdnFaWSOGJ+dviGIwNECAwEA\nAQKCAgBnudiXev3xZG8JWT+hy6S23iKV446/wi/JkN7unO982EuZr+j/JCz3R/iM\nnNd3aSb3wHFYAnglaXEp767UdvKANnZfaHuBklVoVUooOOlnqKWNhA+AReBRw7Dg\nEJL3q/r+CsTiyyhYTFomjx19SuUXkksms7iJB+e3YHW7Wc1485GAFzmtDFaprYHW\nR0yT1pkvoeafBdBz/zv0vStWjuGoFsfJCrBHF7fAQ92zeVT5JW22dl8BCuKRs8HT\n0g7GMSnn9yeT/TS+ugi6+Lp/06SlIyAhrFma2KOy1mySfVz+sQwRx5JwURH2PHi0\nzJHSjGbYp3NpzGAs4OXrwqTTAUSLH0NuaM8k57qrWImCn04rSHQnDeLMj1jE9e1i\nePWE1hwvVaInsTSTOLI35BX2txk8Xkpm8fpIL883tJOJ6lbJ9rXrOzr+4/N3YiUN\nshlRZfdSDdb/KqyunSZhbl1RR5T7XlrrduWXrlABrdV4Aht7uQGX6nNVqfGfZn5T\nbR4fHJM49W445NSYtKV8NNczd6LxX1QLwqTvS0sCBGllua0VSMKL8y7ivrhEBfAE\nLGuT51sUin20XsrsEMg6pFWR5br0xMoqc8b/kXf96UkpLiGyOGzWUI8hTeaqZZAl\n1Aafbl29snNEwhdkKJ9kGe+y1pd5vFHED6Q0vfRZx4wmaa5HdQKCAQEA1naToVhJ\nZ0YUNSqY+dUKShWMzMX3sZmeUCDLgy+NEOLtlHapbD7jempiOkVAKPrHtMkic12Q\nUn15ZYD03o3lmHiP+z38O16fA2hDKJ5cZH1YhDh/RWzXKdQ0GzrwTqtLBJnb9K9C\n90gEeXYPeImi6xztVWvIQkuJyc3kU5FFMi63wPmQnlIOkJLZhHqJLegfc7jtk0kH\n1SW3N8RPmE/d4sPF2HxX3dOKsSq6NSDxGhU1yDK0tlz/d4QEOd+gt87QhvFNYD7E\n92pEemG2UBbjw1qii4J6bXOUxjxT3IYaloIyFwJf6KDYdgCGQmVFYS9LQqYnHQ+t\n2VB6uDvNdhIXbwKCAQEA/vCtkykeGb2rzMcFM1LaTRYi6PcDuid7zKYCtZDrrFeY\nz34Y70zscg/BFShVeZfdQus6hCAXRss9zB1N1NlWYF3ZX8zCtSX/HXH1Ib0rDS20\n5qP3XQHBTqX5BGmaqQknxlBM7QRO75q5VWRzWprHD3OTDG3afMLEuzEXGB6D0wpW\nLmy+wGoh34lapZOmz4L7tgbU+Gll8JaeaWAyJV8BiVpM1XUlUrpALfns53BDPJtw\ni9rjx2saN1p7ENhT2tqi8h0DngKMO4AxdDWzYheZbxL0A5Il94R1FDLJ/uwyiRYD\nIPWwwmzEQQrKPiyKzFZGwwPBHnZNdVbC5PI1FbCLvwKCAQEAiQjzhCD5pjetKduy\nK9Do5jWm5iGJB7503hZWc9iqdqPJ0xePYk884zee1ETznju/59CtZrHeShdKvoUL\n8jkQ/7/poEwXI4huaqrwXr/xoXRGXxYKnL3TLjMdqFicvGfPY308griKPZ+S3FmH\nwSmRJFIzhGV+bH3/6SbaQluMr2gSmgfdVIxyKgbrXi8+AEtV7Ye4pmf/zT5wN/4E\nLfq6eO9HN/Eb4+4LrPD0UoZeCKCM4QMlXXFG+4MrgB9YfppzvAXrvxfcm4sXfmt5\nJuu5VVZQjnws5kr4QULDAyHdU1aV0wX9apN8PMpQ/5PeJR8nI8svKu6d00INaDMu\nMceVmQKCAQA9WHjMAobltshSXEmaEgPJrNv1pwrUjo+xrPjV6+tp6yIwO62QV7hF\nshjKGIyI18w8QBIynO488McMCLkj0LCCO9MExGbN5DjBQxyzY6uqXic7oJTzYmq7\nnCCRuT+oETXq+IOqPPEpoteZ/rPrR3dC9pKZ2Q1MHCnuyV8/RIiADeqy/SPhdSh1\ne72+PgtTv7cGFBrHM8V94SB5RtaKO5RJEtuOOcQjZgHvjkY9YrwrJ1Qrsx5AbDtA\nupsGcKes8BNpoyWtrftEjhJYXlut7PPU0IC7Iz3Tk6IAnEATAY8fgZZ7JePExRts\nc0Y7M8iqZtBcONkNlXYKGDiJkubHM1ZNAoIBAQDLZ6T+EKDLsuWxBADY/P+B8mbF\ntVbNb20FgAtZeNjJiPA4Wte2LRn+wOlAy9g2FUQmFa2YKYbbV7mOh+76sJX0k7Fp\n0rtChYmU5A9Q/w9xuLEvp4j8B6N3W7fxTdVcIVrWUurh+1hC3oV+pYIbQtx7zVHn\nZ2JOefSoLrNYyf1EM625iva4GkN/OkhiqBrh8DtabwnX3qAiGkAPa1Sz5Yh8/1It\nyrv1VETAtnuLG4L7ZFNGufQxSXv41KgC4wTz12rmXVpTxOOL794Zrw2iTFW0/ZeL\nRuw6yXMVx8zxVqYdP0tn1fuNAj84AZvX9KYWjVxVHZ6aJ8a6HppRyEBHLNAH\n-----END RSA PRIVATE KEY-----\n",
            "private_key_pem_pkcs8": "-----BEGIN PRIVATE KEY-----\nMIIJQwIBADANBgkqhkiG9w0BAQEFAASCCS0wggkpAgEAAoICAQDVk0cN5yicskSe\n9rfe9B/nDrjohhDFq/q4yOKt3z/yrdg0BJ9Gic8svAsi3IXmzFvsJSrZPUfc8gSU\nWf2zbdWrzDlYbGDi2+cnDeToRhViAQ4qPRYpPUjDDvUA1w+9+Ynt4qJuuFJzxri0\n0P06e8z2h0nqOgQTZzi4qxEndpF0jycP3+gZNPHSAvjU/Lu/lc8JRCZz71znJxi3\nQqL/MH4rhBrctAMzCF0KglQC+/U+Cep1xBdy2EXJHgloKeihDVgWdut5uID6B8Pg\n90DGSvLCbdx4+GTBiDpzwWu+OVeg8sqgGcV+laJC9AgV2uDsQZwZPcM4oQEQT88S\nYfv5xoVxfiQ2vjzocq/KO1yK40mU59pwtaYH8ewBd14QpsN+gMULc7lppXzGd6X4\nBoBOlXhtlG+tkYoz+06dgL0sdgJB0LO+7yOhvjpoZem3qQojXAWya6I7d7sJ07d+\nGSh4DshEEtyIjzidDobsNvibScGKTrRhbuXam2dWVIbeG4jkJ6xzjCBpPqfWNKhy\nsWn8Bd3nVAjMiFcyYHgNVaFiGbeltnMHVCJTToOZlf4aijcT0gE/Yf5aZT6vVBD2\nWTzkP4Eeme9ikQ8p+A/U12Vlt5PTTE2Ex3D5lVCkcPBMTouPVUhn7FEDm/lKITtm\ntiZ6UkO9whlB2cVpZI4Yn52+IYjA0QIDAQABAoICAGe52Jd6/fFkbwlZP6HLpLbe\nIpXjjr/CL8mQ3u6c73zYS5mv6P8kLPdH+Iyc13dpJvfAcVgCeCVpcSnvrtR28oA2\ndl9oe4GSVWhVSig46WeopY2ED4BF4FHDsOAQkver+v4KxOLLKFhMWiaPHX1K5ReS\nSyazuIkH57dgdbtZzXjzkYAXOa0MVqmtgdZHTJPWmS+h5p8F0HP/O/S9K1aO4agW\nx8kKsEcXt8BD3bN5VPklbbZ2XwEK4pGzwdPSDsYxKef3J5P9NL66CLr4un/TpKUj\nICGsWZrYo7LWbJJ9XP6xDBHHknBREfY8eLTMkdKMZtinc2nMYCzg5evCpNMBRIsf\nQ25ozyTnuqtYiYKfTitIdCcN4syPWMT17WJ49YTWHC9VoiexNJM4sjfkFfa3GTxe\nSmbx+kgvzze0k4nqVsn2tes7Ov7j83diJQ2yGVFl91IN1v8qrK6dJmFuXVFHlPte\nWut25ZeuUAGt1XgCG3u5AZfqc1Wp8Z9mflNtHh8ckzj1bjjk1Ji0pXw01zN3ovFf\nVAvCpO9LSwIEaWW5rRVIwovzLuK+uEQF8AQsa5PnWxSKfbReyuwQyDqkVZHluvTE\nyipzxv+Rd/3pSSkuIbI4bNZQjyFN5qplkCXUBp9uXb2yc0TCF2Qon2QZ77LWl3m8\nUcQPpDS99FnHjCZprkd1AoIBAQDWdpOhWElnRhQ1Kpj51QpKFYzMxfexmZ5QIMuD\nL40Q4u2UdqlsPuN6amI6RUAo+se0ySJzXZBSfXllgPTejeWYeI/7Pfw7Xp8DaEMo\nnlxkfViEOH9FbNcp1DQbOvBOq0sEmdv0r0L3SAR5dg94iaLrHO1Va8hCS4nJzeRT\nkUUyLrfA+ZCeUg6QktmEeokt6B9zuO2TSQfVJbc3xE+YT93iw8XYfFfd04qxKro1\nIPEaFTXIMrS2XP93hAQ536C3ztCG8U1gPsT3akR6YbZQFuPDWqKLgnptc5TGPFPc\nhhqWgjIXAl/ooNh2AIZCZUVhL0tCpicdD63ZUHq4O812EhdvAoIBAQD+8K2TKR4Z\nvavMxwUzUtpNFiLo9wO6J3vMpgK1kOusV5jPfhjvTOxyD8EVKFV5l91C6zqEIBdG\nyz3MHU3U2VZgXdlfzMK1Jf8dcfUhvSsNLbTmo/ddAcFOpfkEaZqpCSfGUEztBE7v\nmrlVZHNamscPc5MMbdp8wsS7MRcYHoPTClYubL7AaiHfiVqlk6bPgvu2BtT4aWXw\nlp5pYDIlXwGJWkzVdSVSukAt+ezncEM8m3CL2uPHaxo3WnsQ2FPa2qLyHQOeAow7\ngDF0NbNiF5lvEvQDkiX3hHUUMsn+7DKJFgMg9bDCbMRBCso+LIrMVkbDA8Eedk11\nVsLk8jUVsIu/AoIBAQCJCPOEIPmmN60p27Ir0OjmNabmIYkHvnTeFlZz2Kp2o8nT\nF49iTzzjN57URPOeO7/n0K1msd5KF0q+hQvyORD/v+mgTBcjiG5qqvBev/GhdEZf\nFgqcvdMuMx2oWJy8Z89jfTyCuIo9n5LcWYfBKZEkUjOEZX5sff/pJtpCW4yvaBKa\nB91UjHIqButeLz4AS1Xth7imZ//NPnA3/gQt+rp470c38Rvj7gus8PRShl4IoIzh\nAyVdcUb7gyuAH1h+mnO8Beu/F9ybixd+a3km67lVVlCOfCzmSvhBQsMDId1TVpXT\nBf1qk3w8ylD/k94lHycjyy8q7p3TQg1oMy4xx5WZAoIBAD1YeMwChuW2yFJcSZoS\nA8ms2/WnCtSOj7Gs+NXr62nrIjA7rZBXuEWyGMoYjIjXzDxAEjKc7jzwxwwIuSPQ\nsII70wTEZs3kOMFDHLNjq6peJzuglPNiarucIJG5P6gRNer4g6o88Smi15n+s+tH\nd0L2kpnZDUwcKe7JXz9EiIAN6rL9I+F1KHV7vb4+C1O/twYUGsczxX3hIHlG1oo7\nlEkS2445xCNmAe+ORj1ivCsnVCuzHkBsO0C6mwZwp6zwE2mjJa2t+0SOElheW63s\n89TQgLsjPdOTogCcQBMBjx+Blnsl48TFG2xzRjszyKpm0Fw42Q2VdgoYOImS5scz\nVk0CggEBAMtnpP4QoMuy5bEEANj8/4HyZsW1Vs1vbQWAC1l42MmI8Dha17YtGf7A\n6UDL2DYVRCYVrZgphttXuY6H7vqwlfSTsWnSu0KFiZTkD1D/D3G4sS+niPwHo3db\nt/FN1VwhWtZS6uH7WELehX6lghtC3HvNUednYk559Kgus1jJ/UQzrbmK9rgaQ386\nSGKoGuHwO1pvCdfeoCIaQA9rVLPliHz/Ui3Ku/VURMC2e4sbgvtkU0a59DFJe/jU\nqALjBPPXauZdWlPE44vv3hmvDaJMVbT9l4tG7DrJcxXHzPFWph0/S2fV+40CPzgB\nm9f0phaNXFUdnponxroemlHIQEcs0Ac=\n-----END PRIVATE KEY-----\n",
            "public_key_fingerprint_md5": "e9:18:90:57:c9:bf:61:15:26:0c:66:09:c1:ce:a0:46",
            "public_key_fingerprint_sha256": "SHA256:rnfGyGw55VGM5G/a4Ap4b0KklbkmJOIMVnAZwFYFITI",
            "public_key_openssh": "ssh-rsa AAAAB3NzaC1yc2EAAAADAQABAAACAQDVk0cN5yicskSe9rfe9B/nDrjohhDFq/q4yOKt3z/yrdg0BJ9Gic8svAsi3IXmzFvsJSrZPUfc8gSUWf2zbdWrzDlYbGDi2+cnDeToRhViAQ4qPRYpPUjDDvUA1w+9+Ynt4qJuuFJzxri00P06e8z2h0nqOgQTZzi4qxEndpF0jycP3+gZNPHSAvjU/Lu/lc8JRCZz71znJxi3QqL/MH4rhBrctAMzCF0KglQC+/U+Cep1xBdy2EXJHgloKeihDVgWdut5uID6B8Pg90DGSvLCbdx4+GTBiDpzwWu+OVeg8sqgGcV+laJC9AgV2uDsQZwZPcM4oQEQT88SYfv5xoVxfiQ2vjzocq/KO1yK40mU59pwtaYH8ewBd14QpsN+gMULc7lppXzGd6X4BoBOlXhtlG+tkYoz+06dgL0sdgJB0LO+7yOhvjpoZem3qQojXAWya6I7d7sJ07d+GSh4DshEEtyIjzidDobsNvibScGKTrRhbuXam2dWVIbeG4jkJ6xzjCBpPqfWNKhysWn8Bd3nVAjMiFcyYHgNVaFiGbeltnMHVCJTToOZlf4aijcT0gE/Yf5aZT6vVBD2WTzkP4Eeme9ikQ8p+A/U12Vlt5PTTE2Ex3D5lVCkcPBMTouPVUhn7FEDm/lKITtmtiZ6UkO9whlB2cVpZI4Yn52+IYjA0Q==\n",
            "public_key_pem": "-----BEGIN PUBLIC KEY-----\nMIICIjANBgkqhkiG9w0BAQEFAAOCAg8AMIICCgKCAgEA1ZNHDeconLJEnva33vQf\n5w646IYQxav6uMjird8/8q3YNASfRonPLLwLItyF5sxb7CUq2T1H3PIElFn9s23V\nq8w5WGxg4tvnJw3k6EYVYgEOKj0WKT1Iww71ANcPvfmJ7eKibrhSc8a4tND9OnvM\n9odJ6joEE2c4uKsRJ3aRdI8nD9/oGTTx0gL41Py7v5XPCUQmc+9c5ycYt0Ki/zB+\nK4Qa3LQDMwhdCoJUAvv1PgnqdcQXcthFyR4JaCnooQ1YFnbrebiA+gfD4PdAxkry\nwm3cePhkwYg6c8FrvjlXoPLKoBnFfpWiQvQIFdrg7EGcGT3DOKEBEE/PEmH7+caF\ncX4kNr486HKvyjtciuNJlOfacLWmB/HsAXdeEKbDfoDFC3O5aaV8xnel+AaATpV4\nbZRvrZGKM/tOnYC9LHYCQdCzvu8job46aGXpt6kKI1wFsmuiO3e7CdO3fhkoeA7I\nRBLciI84nQ6G7Db4m0nBik60YW7l2ptnVlSG3huI5Cesc4wgaT6n1jSocrFp/AXd\n51QIzIhXMmB4DVWhYhm3pbZzB1QiU06DmZX+Goo3E9IBP2H+WmU+r1QQ9lk85D+B\nHpnvYpEPKfgP1NdlZbeT00xNhMdw+ZVQpHDwTE6Lj1VIZ+xRA5v5SiE7ZrYmelJD\nvcIZQdnFaWSOGJ+dviGIwNECAwEAAQ==\n-----END PUBLIC KEY-----\n",
            "rsa_bits": 4096
          },
          "sensitive_attributes": []
        }
      ]
    }
  ],
  "check_results": []
}
